
Microsoft Visual Studio Solution File, Format Version 12.00
# Visual Studio Version 17
VisualStudioVersion = 17.6.33829.357
MinimumVisualStudioVersion = 10.0.40219.1
Project("{FAE04EC0-301F-11D3-BF4B-00C04F79EFBC}") = "WebApplication1", "WebApplication1\WebApplication1.csproj", "{F51061DE-6280-4F75-A735-B6640C9B56E5}"
EndProject
Global
	GlobalSection(SolutionConfigurationPlatforms) = preSolution
		Debug|Any CPU = Debug|Any CPU
		Release|Any CPU = Release|Any CPU
	EndGlobalSection
	GlobalSection(ProjectConfigurationPlatforms) = postSolution
		{F51061DE-6280-4F75-A735-B6640C9B56E5}.Debug|Any CPU.ActiveCfg = Debug|Any CPU
		{F51061DE-6280-4F75-A735-B6640C9B56E5}.Debug|Any CPU.Build.0 = Debug|Any CPU
		{F51061DE-6280-4F75-A735-B6640C9B56E5}.Release|Any CPU.ActiveCfg = Release|Any CPU
		{F51061DE-6280-4F75-A735-B6640C9B56E5}.Release|Any CPU.Build.0 = Release|Any CPU
	EndGlobalSection
	GlobalSection(SolutionProperties) = preSolution
		HideSolutionNode = FALSE
	EndGlobalSection
	GlobalSection(ExtensibilityGlobals) = postSolution
		SolutionGuid = {16E1E730-6810-47B5-BA2B-7C843DC7D651}
	EndGlobalSection
EndGlobal
